
Microsoft Visual Studio Solution File, Format Version 12.00
# Visual Studio Version 17
VisualStudioVersion = 17.4.33110.190
MinimumVisualStudioVersion = 10.0.40219.1
Project("{FAE04EC0-301F-11D3-BF4B-00C04F79EFBC}") = "hotel-app", "hotel-app.csproj", "{721E0BF9-909C-407A-97E5-3CCC8A179DBB}"
EndProject
Global
	GlobalSection(SolutionConfigurationPlatforms) = preSolution
		Debug|Any CPU = Debug|Any CPU
		Release|Any CPU = Release|Any CPU
	EndGlobalSection
	GlobalSection(ProjectConfigurationPlatforms) = postSolution
		{721E0BF9-909C-407A-97E5-3CCC8A179DBB}.Debug|Any CPU.ActiveCfg = Debug|Any CPU
		{721E0BF9-909C-407A-97E5-3CCC8A179DBB}.Debug|Any CPU.Build.0 = Debug|Any CPU
		{721E0BF9-909C-407A-97E5-3CCC8A179DBB}.Release|Any CPU.ActiveCfg = Release|Any CPU
		{721E0BF9-909C-407A-97E5-3CCC8A179DBB}.Release|Any CPU.Build.0 = Release|Any CPU
	EndGlobalSection
	GlobalSection(SolutionProperties) = preSolution
		HideSolutionNode = FALSE
	EndGlobalSection
	GlobalSection(ExtensibilityGlobals) = postSolution
		SolutionGuid = {F29F15C2-5FC8-4A7E-847C-F1A03C53C564}
	EndGlobalSection
EndGlobal
